
Microsoft Visual Studio Solution File, Format Version 12.00
# Visual Studio Version 17
VisualStudioVersion = 17.9.34701.34
MinimumVisualStudioVersion = 10.0.40219.1
Project("{FAE04EC0-301F-11D3-BF4B-00C04F79EFBC}") = "CampaignSender", "CampaignSender\CampaignSender.csproj", "{3EF4A106-4900-477D-B23B-72855A0E7997}"
EndProject
Project("{FAE04EC0-301F-11D3-BF4B-00C04F79EFBC}") = "CampaignSenderTests", "CampaignSenderTests\CampaignSenderTests.csproj", "{1D489BF0-30D0-47BD-B211-D1F74F2AC988}"
EndProject
Global
	GlobalSection(SolutionConfigurationPlatforms) = preSolution
		Debug|Any CPU = Debug|Any CPU
		Release|Any CPU = Release|Any CPU
	EndGlobalSection
	GlobalSection(ProjectConfigurationPlatforms) = postSolution
		{3EF4A106-4900-477D-B23B-72855A0E7997}.Debug|Any CPU.ActiveCfg = Debug|Any CPU
		{3EF4A106-4900-477D-B23B-72855A0E7997}.Debug|Any CPU.Build.0 = Debug|Any CPU
		{3EF4A106-4900-477D-B23B-72855A0E7997}.Release|Any CPU.ActiveCfg = Release|Any CPU
		{3EF4A106-4900-477D-B23B-72855A0E7997}.Release|Any CPU.Build.0 = Release|Any CPU
		{1D489BF0-30D0-47BD-B211-D1F74F2AC988}.Debug|Any CPU.ActiveCfg = Debug|Any CPU
		{1D489BF0-30D0-47BD-B211-D1F74F2AC988}.Debug|Any CPU.Build.0 = Debug|Any CPU
		{1D489BF0-30D0-47BD-B211-D1F74F2AC988}.Release|Any CPU.ActiveCfg = Release|Any CPU
		{1D489BF0-30D0-47BD-B211-D1F74F2AC988}.Release|Any CPU.Build.0 = Release|Any CPU
	EndGlobalSection
	GlobalSection(SolutionProperties) = preSolution
		HideSolutionNode = FALSE
	EndGlobalSection
	GlobalSection(ExtensibilityGlobals) = postSolution
		SolutionGuid = {8A88DF13-1524-42C8-B275-95B2D65B8405}
	EndGlobalSection
EndGlobal
